
Microsoft Visual Studio Solution File, Format Version 12.00
# Visual Studio Version 17
VisualStudioVersion = 17.5.002.0
MinimumVisualStudioVersion = 10.0.40219.1
Project("{9A19103F-16F7-4668-BE54-9A1E7A4F7556}") = "Final", "Final.csproj", "{4F4A7951-24F2-4C31-874B-9DCA873927C0}"
EndProject
Global
	GlobalSection(SolutionConfigurationPlatforms) = preSolution
		Debug|Any CPU = Debug|Any CPU
		Release|Any CPU = Release|Any CPU
	EndGlobalSection
	GlobalSection(ProjectConfigurationPlatforms) = postSolution
		{4F4A7951-24F2-4C31-874B-9DCA873927C0}.Debug|Any CPU.ActiveCfg = Debug|Any CPU
		{4F4A7951-24F2-4C31-874B-9DCA873927C0}.Debug|Any CPU.Build.0 = Debug|Any CPU
		{4F4A7951-24F2-4C31-874B-9DCA873927C0}.Release|Any CPU.ActiveCfg = Release|Any CPU
		{4F4A7951-24F2-4C31-874B-9DCA873927C0}.Release|Any CPU.Build.0 = Release|Any CPU
	EndGlobalSection
	GlobalSection(SolutionProperties) = preSolution
		HideSolutionNode = FALSE
	EndGlobalSection
	GlobalSection(ExtensibilityGlobals) = postSolution
		SolutionGuid = {B49DF885-6F57-4558-93AF-3942CEA50732}
	EndGlobalSection
EndGlobal
